
Microsoft Visual Studio Solution File, Format Version 12.00
# Visual Studio Version 17
VisualStudioVersion = 17.0.31903.59
MinimumVisualStudioVersion = 10.0.40219.1
Project("{2150E333-8FDC-42A3-9474-1A3956D46DE8}") = "01_Encapsulation", "01_Encapsulation", "{43EB59E1-A56D-79B0-1EB3-98519154F263}"
EndProject
Project("{2150E333-8FDC-42A3-9474-1A3956D46DE8}") = "ConsoleApp", "ConsoleApp", "{8D7875DF-A4DE-B0B6-CCCC-BA98185865DB}"
EndProject
Project("{FAE04EC0-301F-11D3-BF4B-00C04F79EFBC}") = "EncapsulationRealTimeExample", "01_Encapsulation\ConsoleApp\EncapsulationRealTimeExample\EncapsulationRealTimeExample.csproj", "{A3F0B62F-C4E8-4544-872E-6820B3A869DA}"
EndProject
Project("{2150E333-8FDC-42A3-9474-1A3956D46DE8}") = "02_Abstraction", "02_Abstraction", "{C4944BE3-7059-9EA4-4BFB-DAE931B006CD}"
EndProject
Project("{2150E333-8FDC-42A3-9474-1A3956D46DE8}") = "ConsoleApp", "ConsoleApp", "{6A7EAFC0-5F7A-A6F7-F64C-BAD818EC7192}"
EndProject
Project("{FAE04EC0-301F-11D3-BF4B-00C04F79EFBC}") = "AbstractionRealTimeExample", "02_Abstraction\ConsoleApp\AbstractionRealTimeExample\AbstractionRealTimeExample.csproj", "{84EC1D83-8BBE-4DFA-977A-284DBBA3D517}"
EndProject
Project("{2150E333-8FDC-42A3-9474-1A3956D46DE8}") = "03_Inheritance", "03_Inheritance", "{44A00161-1176-5A01-0FCF-4AEC22E0FCD4}"
EndProject
Project("{2150E333-8FDC-42A3-9474-1A3956D46DE8}") = "ConsoleApp", "ConsoleApp", "{CF99DD8E-1A21-5524-0856-485B046F94F3}"
EndProject
Project("{FAE04EC0-301F-11D3-BF4B-00C04F79EFBC}") = "InheritanceRealTimeExample", "03_Inheritance\ConsoleApp\InheritanceRealTimeExample\InheritanceRealTimeExample.csproj", "{C7A87EE2-0F52-4848-A075-8732EE01C786}"
EndProject
Project("{2150E333-8FDC-42A3-9474-1A3956D46DE8}") = "04_Polymorphism", "04_Polymorphism", "{DCE4AA05-418B-A0A1-1EB9-29370C5400DE}"
EndProject
Project("{2150E333-8FDC-42A3-9474-1A3956D46DE8}") = "ConsoleApp", "ConsoleApp", "{7A15996E-679D-B37A-447D-DD017F5ADFE3}"
EndProject
Project("{FAE04EC0-301F-11D3-BF4B-00C04F79EFBC}") = "PolymorphismRealTimeExample", "04_Polymorphism\ConsoleApp\PolymorphismRealTimeExample\PolymorphismRealTimeExample.csproj", "{C880764A-A42B-49B4-A9CF-60A1E7BBC718}"
EndProject
Project("{2150E333-8FDC-42A3-9474-1A3956D46DE8}") = "05_Interface", "05_Interface", "{133E5821-3629-8BB6-30C4-2AD63B87EA6E}"
EndProject
Project("{2150E333-8FDC-42A3-9474-1A3956D46DE8}") = "ConsoleApp", "ConsoleApp", "{867C91A2-B5F5-7A7B-7C6E-1FA48B680FB4}"
EndProject
Project("{FAE04EC0-301F-11D3-BF4B-00C04F79EFBC}") = "InterfaceRealTimeExample", "05_Interface\ConsoleApp\InterfaceRealTimeExample\InterfaceRealTimeExample.csproj", "{9534E6A8-C13F-4BF2-A0A5-4D1D369D7BAE}"
EndProject
Project("{2150E333-8FDC-42A3-9474-1A3956D46DE8}") = "06_AbstractClass", "06_AbstractClass", "{6E8BFA54-CD30-05C8-4807-533DCD9BAF2E}"
EndProject
Project("{2150E333-8FDC-42A3-9474-1A3956D46DE8}") = "ConsoleApp", "ConsoleApp", "{2946C166-A0E9-F0FC-0737-9793DDE5B078}"
EndProject
Project("{FAE04EC0-301F-11D3-BF4B-00C04F79EFBC}") = "AbstractClassRealTimeExample", "06_AbstractClass\ConsoleApp\AbstractClassRealTimeExample\AbstractClassRealTimeExample.csproj", "{29A35F6C-6186-437F-9BBD-43AE31F4D4FA}"
EndProject
Global
	GlobalSection(SolutionConfigurationPlatforms) = preSolution
		Debug|Any CPU = Debug|Any CPU
		Debug|x64 = Debug|x64
		Debug|x86 = Debug|x86
		Release|Any CPU = Release|Any CPU
		Release|x64 = Release|x64
		Release|x86 = Release|x86
	EndGlobalSection
	GlobalSection(ProjectConfigurationPlatforms) = postSolution
		{A3F0B62F-C4E8-4544-872E-6820B3A869DA}.Debug|Any CPU.ActiveCfg = Debug|Any CPU
		{A3F0B62F-C4E8-4544-872E-6820B3A869DA}.Debug|Any CPU.Build.0 = Debug|Any CPU
		{A3F0B62F-C4E8-4544-872E-6820B3A869DA}.Debug|x64.ActiveCfg = Debug|Any CPU
		{A3F0B62F-C4E8-4544-872E-6820B3A869DA}.Debug|x64.Build.0 = Debug|Any CPU
		{A3F0B62F-C4E8-4544-872E-6820B3A869DA}.Debug|x86.ActiveCfg = Debug|Any CPU
		{A3F0B62F-C4E8-4544-872E-6820B3A869DA}.Debug|x86.Build.0 = Debug|Any CPU
		{A3F0B62F-C4E8-4544-872E-6820B3A869DA}.Release|Any CPU.ActiveCfg = Release|Any CPU
		{A3F0B62F-C4E8-4544-872E-6820B3A869DA}.Release|Any CPU.Build.0 = Release|Any CPU
		{A3F0B62F-C4E8-4544-872E-6820B3A869DA}.Release|x64.ActiveCfg = Release|Any CPU
		{A3F0B62F-C4E8-4544-872E-6820B3A869DA}.Release|x64.Build.0 = Release|Any CPU
		{A3F0B62F-C4E8-4544-872E-6820B3A869DA}.Release|x86.ActiveCfg = Release|Any CPU
		{A3F0B62F-C4E8-4544-872E-6820B3A869DA}.Release|x86.Build.0 = Release|Any CPU
		{84EC1D83-8BBE-4DFA-977A-284DBBA3D517}.Debug|Any CPU.ActiveCfg = Debug|Any CPU
		{84EC1D83-8BBE-4DFA-977A-284DBBA3D517}.Debug|Any CPU.Build.0 = Debug|Any CPU
		{84EC1D83-8BBE-4DFA-977A-284DBBA3D517}.Debug|x64.ActiveCfg = Debug|Any CPU
		{84EC1D83-8BBE-4DFA-977A-284DBBA3D517}.Debug|x64.Build.0 = Debug|Any CPU
		{84EC1D83-8BBE-4DFA-977A-284DBBA3D517}.Debug|x86.ActiveCfg = Debug|Any CPU
		{84EC1D83-8BBE-4DFA-977A-284DBBA3D517}.Debug|x86.Build.0 = Debug|Any CPU
		{84EC1D83-8BBE-4DFA-977A-284DBBA3D517}.Release|Any CPU.ActiveCfg = Release|Any CPU
		{84EC1D83-8BBE-4DFA-977A-284DBBA3D517}.Release|Any CPU.Build.0 = Release|Any CPU
		{84EC1D83-8BBE-4DFA-977A-284DBBA3D517}.Release|x64.ActiveCfg = Release|Any CPU
		{84EC1D83-8BBE-4DFA-977A-284DBBA3D517}.Release|x64.Build.0 = Release|Any CPU
		{84EC1D83-8BBE-4DFA-977A-284DBBA3D517}.Release|x86.ActiveCfg = Release|Any CPU
		{84EC1D83-8BBE-4DFA-977A-284DBBA3D517}.Release|x86.Build.0 = Release|Any CPU
		{C7A87EE2-0F52-4848-A075-8732EE01C786}.Debug|Any CPU.ActiveCfg = Debug|Any CPU
		{C7A87EE2-0F52-4848-A075-8732EE01C786}.Debug|Any CPU.Build.0 = Debug|Any CPU
		{C7A87EE2-0F52-4848-A075-8732EE01C786}.Debug|x64.ActiveCfg = Debug|Any CPU
		{C7A87EE2-0F52-4848-A075-8732EE01C786}.Debug|x64.Build.0 = Debug|Any CPU
		{C7A87EE2-0F52-4848-A075-8732EE01C786}.Debug|x86.ActiveCfg = Debug|Any CPU
		{C7A87EE2-0F52-4848-A075-8732EE01C786}.Debug|x86.Build.0 = Debug|Any CPU
		{C7A87EE2-0F52-4848-A075-8732EE01C786}.Release|Any CPU.ActiveCfg = Release|Any CPU
		{C7A87EE2-0F52-4848-A075-8732EE01C786}.Release|Any CPU.Build.0 = Release|Any CPU
		{C7A87EE2-0F52-4848-A075-8732EE01C786}.Release|x64.ActiveCfg = Release|Any CPU
		{C7A87EE2-0F52-4848-A075-8732EE01C786}.Release|x64.Build.0 = Release|Any CPU
		{C7A87EE2-0F52-4848-A075-8732EE01C786}.Release|x86.ActiveCfg = Release|Any CPU
		{C7A87EE2-0F52-4848-A075-8732EE01C786}.Release|x86.Build.0 = Release|Any CPU
		{C880764A-A42B-49B4-A9CF-60A1E7BBC718}.Debug|Any CPU.ActiveCfg = Debug|Any CPU
		{C880764A-A42B-49B4-A9CF-60A1E7BBC718}.Debug|Any CPU.Build.0 = Debug|Any CPU
		{C880764A-A42B-49B4-A9CF-60A1E7BBC718}.Debug|x64.ActiveCfg = Debug|Any CPU
		{C880764A-A42B-49B4-A9CF-60A1E7BBC718}.Debug|x64.Build.0 = Debug|Any CPU
		{C880764A-A42B-49B4-A9CF-60A1E7BBC718}.Debug|x86.ActiveCfg = Debug|Any CPU
		{C880764A-A42B-49B4-A9CF-60A1E7BBC718}.Debug|x86.Build.0 = Debug|Any CPU
		{C880764A-A42B-49B4-A9CF-60A1E7BBC718}.Release|Any CPU.ActiveCfg = Release|Any CPU
		{C880764A-A42B-49B4-A9CF-60A1E7BBC718}.Release|Any CPU.Build.0 = Release|Any CPU
		{C880764A-A42B-49B4-A9CF-60A1E7BBC718}.Release|x64.ActiveCfg = Release|Any CPU
		{C880764A-A42B-49B4-A9CF-60A1E7BBC718}.Release|x64.Build.0 = Release|Any CPU
		{C880764A-A42B-49B4-A9CF-60A1E7BBC718}.Release|x86.ActiveCfg = Release|Any CPU
		{C880764A-A42B-49B4-A9CF-60A1E7BBC718}.Release|x86.Build.0 = Release|Any CPU
		{9534E6A8-C13F-4BF2-A0A5-4D1D369D7BAE}.Debug|Any CPU.ActiveCfg = Debug|Any CPU
		{9534E6A8-C13F-4BF2-A0A5-4D1D369D7BAE}.Debug|Any CPU.Build.0 = Debug|Any CPU
		{9534E6A8-C13F-4BF2-A0A5-4D1D369D7BAE}.Debug|x64.ActiveCfg = Debug|Any CPU
		{9534E6A8-C13F-4BF2-A0A5-4D1D369D7BAE}.Debug|x64.Build.0 = Debug|Any CPU
		{9534E6A8-C13F-4BF2-A0A5-4D1D369D7BAE}.Debug|x86.ActiveCfg = Debug|Any CPU
		{9534E6A8-C13F-4BF2-A0A5-4D1D369D7BAE}.Debug|x86.Build.0 = Debug|Any CPU
		{9534E6A8-C13F-4BF2-A0A5-4D1D369D7BAE}.Release|Any CPU.ActiveCfg = Release|Any CPU
		{9534E6A8-C13F-4BF2-A0A5-4D1D369D7BAE}.Release|Any CPU.Build.0 = Release|Any CPU
		{9534E6A8-C13F-4BF2-A0A5-4D1D369D7BAE}.Release|x64.ActiveCfg = Release|Any CPU
		{9534E6A8-C13F-4BF2-A0A5-4D1D369D7BAE}.Release|x64.Build.0 = Release|Any CPU
		{9534E6A8-C13F-4BF2-A0A5-4D1D369D7BAE}.Release|x86.ActiveCfg = Release|Any CPU
		{9534E6A8-C13F-4BF2-A0A5-4D1D369D7BAE}.Release|x86.Build.0 = Release|Any CPU
		{29A35F6C-6186-437F-9BBD-43AE31F4D4FA}.Debug|Any CPU.ActiveCfg = Debug|Any CPU
		{29A35F6C-6186-437F-9BBD-43AE31F4D4FA}.Debug|Any CPU.Build.0 = Debug|Any CPU
		{29A35F6C-6186-437F-9BBD-43AE31F4D4FA}.Debug|x64.ActiveCfg = Debug|Any CPU
		{29A35F6C-6186-437F-9BBD-43AE31F4D4FA}.Debug|x64.Build.0 = Debug|Any CPU
		{29A35F6C-6186-437F-9BBD-43AE31F4D4FA}.Debug|x86.ActiveCfg = Debug|Any CPU
		{29A35F6C-6186-437F-9BBD-43AE31F4D4FA}.Debug|x86.Build.0 = Debug|Any CPU
		{29A35F6C-6186-437F-9BBD-43AE31F4D4FA}.Release|Any CPU.ActiveCfg = Release|Any CPU
		{29A35F6C-6186-437F-9BBD-43AE31F4D4FA}.Release|Any CPU.Build.0 = Release|Any CPU
		{29A35F6C-6186-437F-9BBD-43AE31F4D4FA}.Release|x64.ActiveCfg = Release|Any CPU
		{29A35F6C-6186-437F-9BBD-43AE31F4D4FA}.Release|x64.Build.0 = Release|Any CPU
		{29A35F6C-6186-437F-9BBD-43AE31F4D4FA}.Release|x86.ActiveCfg = Release|Any CPU
		{29A35F6C-6186-437F-9BBD-43AE31F4D4FA}.Release|x86.Build.0 = Release|Any CPU
	EndGlobalSection
	GlobalSection(SolutionProperties) = preSolution
		HideSolutionNode = FALSE
	EndGlobalSection
	GlobalSection(NestedProjects) = preSolution
		{8D7875DF-A4DE-B0B6-CCCC-BA98185865DB} = {43EB59E1-A56D-79B0-1EB3-98519154F263}
		{A3F0B62F-C4E8-4544-872E-6820B3A869DA} = {8D7875DF-A4DE-B0B6-CCCC-BA98185865DB}
		{6A7EAFC0-5F7A-A6F7-F64C-BAD818EC7192} = {C4944BE3-7059-9EA4-4BFB-DAE931B006CD}
		{84EC1D83-8BBE-4DFA-977A-284DBBA3D517} = {6A7EAFC0-5F7A-A6F7-F64C-BAD818EC7192}
		{CF99DD8E-1A21-5524-0856-485B046F94F3} = {44A00161-1176-5A01-0FCF-4AEC22E0FCD4}
		{C7A87EE2-0F52-4848-A075-8732EE01C786} = {CF99DD8E-1A21-5524-0856-485B046F94F3}
		{7A15996E-679D-B37A-447D-DD017F5ADFE3} = {DCE4AA05-418B-A0A1-1EB9-29370C5400DE}
		{C880764A-A42B-49B4-A9CF-60A1E7BBC718} = {7A15996E-679D-B37A-447D-DD017F5ADFE3}
		{867C91A2-B5F5-7A7B-7C6E-1FA48B680FB4} = {133E5821-3629-8BB6-30C4-2AD63B87EA6E}
		{9534E6A8-C13F-4BF2-A0A5-4D1D369D7BAE} = {867C91A2-B5F5-7A7B-7C6E-1FA48B680FB4}
		{2946C166-A0E9-F0FC-0737-9793DDE5B078} = {6E8BFA54-CD30-05C8-4807-533DCD9BAF2E}
		{29A35F6C-6186-437F-9BBD-43AE31F4D4FA} = {2946C166-A0E9-F0FC-0737-9793DDE5B078}
	EndGlobalSection
EndGlobal
