
Microsoft Visual Studio Solution File, Format Version 12.00
# Visual Studio Version 17
VisualStudioVersion = 17.0.31903.59
MinimumVisualStudioVersion = 10.0.40219.1
Project("{2150E333-8FDC-42A3-9474-1A3956D46DE8}") = "01_DataTypes_And_TypeSystem", "01_DataTypes_And_TypeSystem", "{F321DC82-70F4-027E-BFD1-4312E7667111}"
EndProject
Project("{FAE04EC0-301F-11D3-BF4B-00C04F79EFBC}") = "DataTypesAndTypeSystem", "01_DataTypes_And_TypeSystem\DataTypesAndTypeSystem.csproj", "{284F72A1-7AD2-47FB-A556-E170DD587C36}"
EndProject
Project("{2150E333-8FDC-42A3-9474-1A3956D46DE8}") = "02_TypeConversion", "02_TypeConversion", "{F8CADDAA-EA1C-0380-A8BC-09BBDC89B477}"
EndProject
Project("{FAE04EC0-301F-11D3-BF4B-00C04F79EFBC}") = "TypeConversion", "02_TypeConversion\TypeConversion.csproj", "{EAA548CC-34AF-4839-AF05-9F7E1C51D82D}"
EndProject
Project("{2150E333-8FDC-42A3-9474-1A3956D46DE8}") = "03_String_And_StringBuilder", "03_String_And_StringBuilder", "{B61F58C3-B74D-25A5-381B-B862496BFBF6}"
EndProject
Project("{FAE04EC0-301F-11D3-BF4B-00C04F79EFBC}") = "StringAndStringBuilder", "03_String_And_StringBuilder\StringAndStringBuilder.csproj", "{721DB163-25F5-4BA9-A32B-35B496BA784E}"
EndProject
Project("{2150E333-8FDC-42A3-9474-1A3956D46DE8}") = "04_Operators", "04_Operators", "{A5B62F8F-05D9-D39E-81BD-6C10D75FDD28}"
EndProject
Project("{FAE04EC0-301F-11D3-BF4B-00C04F79EFBC}") = "Operators", "04_Operators\Operators.csproj", "{3FCD4A8C-C16A-4D44-8CAA-9168BC909D2D}"
EndProject
Project("{2150E333-8FDC-42A3-9474-1A3956D46DE8}") = "05_ControlFlow", "05_ControlFlow", "{5673F1B4-9197-FD5E-A0B2-EF741F05BACC}"
EndProject
Project("{FAE04EC0-301F-11D3-BF4B-00C04F79EFBC}") = "ControlFlow", "05_ControlFlow\ControlFlow.csproj", "{63E34420-78F3-417D-9B40-C17D52990B10}"
EndProject
Project("{2150E333-8FDC-42A3-9474-1A3956D46DE8}") = "06_Methods", "06_Methods", "{6F4AABC9-ECA4-CE09-3B7D-D778F114CC67}"
EndProject
Project("{FAE04EC0-301F-11D3-BF4B-00C04F79EFBC}") = "Methods", "06_Methods\Methods.csproj", "{C41AA398-CE4A-4C36-B9CA-8F8D68AA489E}"
EndProject
Project("{2150E333-8FDC-42A3-9474-1A3956D46DE8}") = "07_Arrays", "07_Arrays", "{4D0D3B69-D31C-4C6A-A6C3-13A7A66AC701}"
EndProject
Project("{FAE04EC0-301F-11D3-BF4B-00C04F79EFBC}") = "Arrays", "07_Arrays\Arrays.csproj", "{D95D5B02-3E29-42AF-9210-5FF7D95D8C18}"
EndProject
Project("{2150E333-8FDC-42A3-9474-1A3956D46DE8}") = "08_Collections", "08_Collections", "{6D4C7A01-B712-40D2-81B9-B5CC1B9306F2}"
EndProject
Project("{FAE04EC0-301F-11D3-BF4B-00C04F79EFBC}") = "Collections", "08_Collections\Collections.csproj", "{B7E55557-521C-4D9A-B529-9A7FE3D83B84}"
EndProject
Project("{2150E333-8FDC-42A3-9474-1A3956D46DE8}") = "09_NullableTypes", "09_NullableTypes", "{B97DAE3E-61F3-4A91-8A6C-94B4C6B78F88}"
EndProject
Project("{FAE04EC0-301F-11D3-BF4B-00C04F79EFBC}") = "NullableTypes", "09_NullableTypes\NullableTypes.csproj", "{B60D7D44-9B98-4450-82EF-FB500FF9CFEB}"
EndProject
Project("{2150E333-8FDC-42A3-9474-1A3956D46DE8}") = "10_Enums", "10_Enums", "{F58752F3-B1CE-4CB4-B30E-B6EC61CB8788}"
EndProject
Project("{FAE04EC0-301F-11D3-BF4B-00C04F79EFBC}") = "Enums", "10_Enums\Enums.csproj", "{707B8B76-8D55-4B06-A2EB-6CD94683D261}"
EndProject
Project("{2150E333-8FDC-42A3-9474-1A3956D46DE8}") = "11_Structs_And_Records", "11_Structs_And_Records", "{76FD53A1-FA4C-4B87-9204-509E99830A22}"
EndProject
Project("{FAE04EC0-301F-11D3-BF4B-00C04F79EFBC}") = "StructsAndRecords", "11_Structs_And_Records\StructsAndRecords.csproj", "{8A4A4A22-36E9-49CB-A4E8-44C8C577029D}"
EndProject
Project("{2150E333-8FDC-42A3-9474-1A3956D46DE8}") = "12_Tuples_And_Deconstruction", "12_Tuples_And_Deconstruction", "{846B4F7C-1EE0-470E-90CF-F4671FF4AABB}"
EndProject
Project("{FAE04EC0-301F-11D3-BF4B-00C04F79EFBC}") = "TuplesAndDeconstruction", "12_Tuples_And_Deconstruction\TuplesAndDeconstruction.csproj", "{AA6FB1D4-1A67-436F-9EC1-8513F40AB429}"
EndProject
Global
	GlobalSection(SolutionConfigurationPlatforms) = preSolution
		Debug|Any CPU = Debug|Any CPU
		Debug|x64 = Debug|x64
		Debug|x86 = Debug|x86
		Release|Any CPU = Release|Any CPU
		Release|x64 = Release|x64
		Release|x86 = Release|x86
	EndGlobalSection
	GlobalSection(ProjectConfigurationPlatforms) = postSolution
		{284F72A1-7AD2-47FB-A556-E170DD587C36}.Debug|Any CPU.ActiveCfg = Debug|Any CPU
		{284F72A1-7AD2-47FB-A556-E170DD587C36}.Debug|Any CPU.Build.0 = Debug|Any CPU
		{284F72A1-7AD2-47FB-A556-E170DD587C36}.Debug|x64.ActiveCfg = Debug|Any CPU
		{284F72A1-7AD2-47FB-A556-E170DD587C36}.Debug|x64.Build.0 = Debug|Any CPU
		{284F72A1-7AD2-47FB-A556-E170DD587C36}.Debug|x86.ActiveCfg = Debug|Any CPU
		{284F72A1-7AD2-47FB-A556-E170DD587C36}.Debug|x86.Build.0 = Debug|Any CPU
		{284F72A1-7AD2-47FB-A556-E170DD587C36}.Release|Any CPU.ActiveCfg = Release|Any CPU
		{284F72A1-7AD2-47FB-A556-E170DD587C36}.Release|Any CPU.Build.0 = Release|Any CPU
		{284F72A1-7AD2-47FB-A556-E170DD587C36}.Release|x64.ActiveCfg = Release|Any CPU
		{284F72A1-7AD2-47FB-A556-E170DD587C36}.Release|x64.Build.0 = Release|Any CPU
		{284F72A1-7AD2-47FB-A556-E170DD587C36}.Release|x86.ActiveCfg = Release|Any CPU
		{284F72A1-7AD2-47FB-A556-E170DD587C36}.Release|x86.Build.0 = Release|Any CPU
		{EAA548CC-34AF-4839-AF05-9F7E1C51D82D}.Debug|Any CPU.ActiveCfg = Debug|Any CPU
		{EAA548CC-34AF-4839-AF05-9F7E1C51D82D}.Debug|Any CPU.Build.0 = Debug|Any CPU
		{EAA548CC-34AF-4839-AF05-9F7E1C51D82D}.Debug|x64.ActiveCfg = Debug|Any CPU
		{EAA548CC-34AF-4839-AF05-9F7E1C51D82D}.Debug|x64.Build.0 = Debug|Any CPU
		{EAA548CC-34AF-4839-AF05-9F7E1C51D82D}.Debug|x86.ActiveCfg = Debug|Any CPU
		{EAA548CC-34AF-4839-AF05-9F7E1C51D82D}.Debug|x86.Build.0 = Debug|Any CPU
		{EAA548CC-34AF-4839-AF05-9F7E1C51D82D}.Release|Any CPU.ActiveCfg = Release|Any CPU
		{EAA548CC-34AF-4839-AF05-9F7E1C51D82D}.Release|Any CPU.Build.0 = Release|Any CPU
		{EAA548CC-34AF-4839-AF05-9F7E1C51D82D}.Release|x64.ActiveCfg = Release|Any CPU
		{EAA548CC-34AF-4839-AF05-9F7E1C51D82D}.Release|x64.Build.0 = Release|Any CPU
		{EAA548CC-34AF-4839-AF05-9F7E1C51D82D}.Release|x86.ActiveCfg = Release|Any CPU
		{EAA548CC-34AF-4839-AF05-9F7E1C51D82D}.Release|x86.Build.0 = Release|Any CPU
		{721DB163-25F5-4BA9-A32B-35B496BA784E}.Debug|Any CPU.ActiveCfg = Debug|Any CPU
		{721DB163-25F5-4BA9-A32B-35B496BA784E}.Debug|Any CPU.Build.0 = Debug|Any CPU
		{721DB163-25F5-4BA9-A32B-35B496BA784E}.Debug|x64.ActiveCfg = Debug|Any CPU
		{721DB163-25F5-4BA9-A32B-35B496BA784E}.Debug|x64.Build.0 = Debug|Any CPU
		{721DB163-25F5-4BA9-A32B-35B496BA784E}.Debug|x86.ActiveCfg = Debug|Any CPU
		{721DB163-25F5-4BA9-A32B-35B496BA784E}.Debug|x86.Build.0 = Debug|Any CPU
		{721DB163-25F5-4BA9-A32B-35B496BA784E}.Release|Any CPU.ActiveCfg = Release|Any CPU
		{721DB163-25F5-4BA9-A32B-35B496BA784E}.Release|Any CPU.Build.0 = Release|Any CPU
		{721DB163-25F5-4BA9-A32B-35B496BA784E}.Release|x64.ActiveCfg = Release|Any CPU
		{721DB163-25F5-4BA9-A32B-35B496BA784E}.Release|x64.Build.0 = Release|Any CPU
		{721DB163-25F5-4BA9-A32B-35B496BA784E}.Release|x86.ActiveCfg = Release|Any CPU
		{721DB163-25F5-4BA9-A32B-35B496BA784E}.Release|x86.Build.0 = Release|Any CPU
		{3FCD4A8C-C16A-4D44-8CAA-9168BC909D2D}.Debug|Any CPU.ActiveCfg = Debug|Any CPU
		{3FCD4A8C-C16A-4D44-8CAA-9168BC909D2D}.Debug|Any CPU.Build.0 = Debug|Any CPU
		{3FCD4A8C-C16A-4D44-8CAA-9168BC909D2D}.Debug|x64.ActiveCfg = Debug|Any CPU
		{3FCD4A8C-C16A-4D44-8CAA-9168BC909D2D}.Debug|x64.Build.0 = Debug|Any CPU
		{3FCD4A8C-C16A-4D44-8CAA-9168BC909D2D}.Debug|x86.ActiveCfg = Debug|Any CPU
		{3FCD4A8C-C16A-4D44-8CAA-9168BC909D2D}.Debug|x86.Build.0 = Debug|Any CPU
		{3FCD4A8C-C16A-4D44-8CAA-9168BC909D2D}.Release|Any CPU.ActiveCfg = Release|Any CPU
		{3FCD4A8C-C16A-4D44-8CAA-9168BC909D2D}.Release|Any CPU.Build.0 = Release|Any CPU
		{3FCD4A8C-C16A-4D44-8CAA-9168BC909D2D}.Release|x64.ActiveCfg = Release|Any CPU
		{3FCD4A8C-C16A-4D44-8CAA-9168BC909D2D}.Release|x64.Build.0 = Release|Any CPU
		{3FCD4A8C-C16A-4D44-8CAA-9168BC909D2D}.Release|x86.ActiveCfg = Release|Any CPU
		{3FCD4A8C-C16A-4D44-8CAA-9168BC909D2D}.Release|x86.Build.0 = Release|Any CPU
		{63E34420-78F3-417D-9B40-C17D52990B10}.Debug|Any CPU.ActiveCfg = Debug|Any CPU
		{63E34420-78F3-417D-9B40-C17D52990B10}.Debug|Any CPU.Build.0 = Debug|Any CPU
		{63E34420-78F3-417D-9B40-C17D52990B10}.Debug|x64.ActiveCfg = Debug|Any CPU
		{63E34420-78F3-417D-9B40-C17D52990B10}.Debug|x64.Build.0 = Debug|Any CPU
		{63E34420-78F3-417D-9B40-C17D52990B10}.Debug|x86.ActiveCfg = Debug|Any CPU
		{63E34420-78F3-417D-9B40-C17D52990B10}.Debug|x86.Build.0 = Debug|Any CPU
		{63E34420-78F3-417D-9B40-C17D52990B10}.Release|Any CPU.ActiveCfg = Release|Any CPU
		{63E34420-78F3-417D-9B40-C17D52990B10}.Release|Any CPU.Build.0 = Release|Any CPU
		{63E34420-78F3-417D-9B40-C17D52990B10}.Release|x64.ActiveCfg = Release|Any CPU
		{63E34420-78F3-417D-9B40-C17D52990B10}.Release|x64.Build.0 = Release|Any CPU
		{63E34420-78F3-417D-9B40-C17D52990B10}.Release|x86.ActiveCfg = Release|Any CPU
		{63E34420-78F3-417D-9B40-C17D52990B10}.Release|x86.Build.0 = Release|Any CPU
		{C41AA398-CE4A-4C36-B9CA-8F8D68AA489E}.Debug|Any CPU.ActiveCfg = Debug|Any CPU
		{C41AA398-CE4A-4C36-B9CA-8F8D68AA489E}.Debug|Any CPU.Build.0 = Debug|Any CPU
		{C41AA398-CE4A-4C36-B9CA-8F8D68AA489E}.Debug|x64.ActiveCfg = Debug|Any CPU
		{C41AA398-CE4A-4C36-B9CA-8F8D68AA489E}.Debug|x64.Build.0 = Debug|Any CPU
		{C41AA398-CE4A-4C36-B9CA-8F8D68AA489E}.Debug|x86.ActiveCfg = Debug|Any CPU
		{C41AA398-CE4A-4C36-B9CA-8F8D68AA489E}.Debug|x86.Build.0 = Debug|Any CPU
		{C41AA398-CE4A-4C36-B9CA-8F8D68AA489E}.Release|Any CPU.ActiveCfg = Release|Any CPU
		{C41AA398-CE4A-4C36-B9CA-8F8D68AA489E}.Release|Any CPU.Build.0 = Release|Any CPU
		{C41AA398-CE4A-4C36-B9CA-8F8D68AA489E}.Release|x64.ActiveCfg = Release|Any CPU
		{C41AA398-CE4A-4C36-B9CA-8F8D68AA489E}.Release|x64.Build.0 = Release|Any CPU
		{C41AA398-CE4A-4C36-B9CA-8F8D68AA489E}.Release|x86.ActiveCfg = Release|Any CPU
		{C41AA398-CE4A-4C36-B9CA-8F8D68AA489E}.Release|x86.Build.0 = Release|Any CPU
		{D95D5B02-3E29-42AF-9210-5FF7D95D8C18}.Debug|Any CPU.ActiveCfg = Debug|Any CPU
		{D95D5B02-3E29-42AF-9210-5FF7D95D8C18}.Debug|Any CPU.Build.0 = Debug|Any CPU
		{D95D5B02-3E29-42AF-9210-5FF7D95D8C18}.Debug|x64.ActiveCfg = Debug|Any CPU
		{D95D5B02-3E29-42AF-9210-5FF7D95D8C18}.Debug|x64.Build.0 = Debug|Any CPU
		{D95D5B02-3E29-42AF-9210-5FF7D95D8C18}.Debug|x86.ActiveCfg = Debug|Any CPU
		{D95D5B02-3E29-42AF-9210-5FF7D95D8C18}.Debug|x86.Build.0 = Debug|Any CPU
		{D95D5B02-3E29-42AF-9210-5FF7D95D8C18}.Release|Any CPU.ActiveCfg = Release|Any CPU
		{D95D5B02-3E29-42AF-9210-5FF7D95D8C18}.Release|Any CPU.Build.0 = Release|Any CPU
		{D95D5B02-3E29-42AF-9210-5FF7D95D8C18}.Release|x64.ActiveCfg = Release|Any CPU
		{D95D5B02-3E29-42AF-9210-5FF7D95D8C18}.Release|x64.Build.0 = Release|Any CPU
		{D95D5B02-3E29-42AF-9210-5FF7D95D8C18}.Release|x86.ActiveCfg = Release|Any CPU
		{D95D5B02-3E29-42AF-9210-5FF7D95D8C18}.Release|x86.Build.0 = Release|Any CPU
		{B7E55557-521C-4D9A-B529-9A7FE3D83B84}.Debug|Any CPU.ActiveCfg = Debug|Any CPU
		{B7E55557-521C-4D9A-B529-9A7FE3D83B84}.Debug|Any CPU.Build.0 = Debug|Any CPU
		{B7E55557-521C-4D9A-B529-9A7FE3D83B84}.Debug|x64.ActiveCfg = Debug|Any CPU
		{B7E55557-521C-4D9A-B529-9A7FE3D83B84}.Debug|x64.Build.0 = Debug|Any CPU
		{B7E55557-521C-4D9A-B529-9A7FE3D83B84}.Debug|x86.ActiveCfg = Debug|Any CPU
		{B7E55557-521C-4D9A-B529-9A7FE3D83B84}.Debug|x86.Build.0 = Debug|Any CPU
		{B7E55557-521C-4D9A-B529-9A7FE3D83B84}.Release|Any CPU.ActiveCfg = Release|Any CPU
		{B7E55557-521C-4D9A-B529-9A7FE3D83B84}.Release|Any CPU.Build.0 = Release|Any CPU
		{B7E55557-521C-4D9A-B529-9A7FE3D83B84}.Release|x64.ActiveCfg = Release|Any CPU
		{B7E55557-521C-4D9A-B529-9A7FE3D83B84}.Release|x64.Build.0 = Release|Any CPU
		{B7E55557-521C-4D9A-B529-9A7FE3D83B84}.Release|x86.ActiveCfg = Release|Any CPU
		{B7E55557-521C-4D9A-B529-9A7FE3D83B84}.Release|x86.Build.0 = Release|Any CPU
		{B60D7D44-9B98-4450-82EF-FB500FF9CFEB}.Debug|Any CPU.ActiveCfg = Debug|Any CPU
		{B60D7D44-9B98-4450-82EF-FB500FF9CFEB}.Debug|Any CPU.Build.0 = Debug|Any CPU
		{B60D7D44-9B98-4450-82EF-FB500FF9CFEB}.Debug|x64.ActiveCfg = Debug|Any CPU
		{B60D7D44-9B98-4450-82EF-FB500FF9CFEB}.Debug|x64.Build.0 = Debug|Any CPU
		{B60D7D44-9B98-4450-82EF-FB500FF9CFEB}.Debug|x86.ActiveCfg = Debug|Any CPU
		{B60D7D44-9B98-4450-82EF-FB500FF9CFEB}.Debug|x86.Build.0 = Debug|Any CPU
		{B60D7D44-9B98-4450-82EF-FB500FF9CFEB}.Release|Any CPU.ActiveCfg = Release|Any CPU
		{B60D7D44-9B98-4450-82EF-FB500FF9CFEB}.Release|Any CPU.Build.0 = Release|Any CPU
		{B60D7D44-9B98-4450-82EF-FB500FF9CFEB}.Release|x64.ActiveCfg = Release|Any CPU
		{B60D7D44-9B98-4450-82EF-FB500FF9CFEB}.Release|x64.Build.0 = Release|Any CPU
		{B60D7D44-9B98-4450-82EF-FB500FF9CFEB}.Release|x86.ActiveCfg = Release|Any CPU
		{B60D7D44-9B98-4450-82EF-FB500FF9CFEB}.Release|x86.Build.0 = Release|Any CPU
		{707B8B76-8D55-4B06-A2EB-6CD94683D261}.Debug|Any CPU.ActiveCfg = Debug|Any CPU
		{707B8B76-8D55-4B06-A2EB-6CD94683D261}.Debug|Any CPU.Build.0 = Debug|Any CPU
		{707B8B76-8D55-4B06-A2EB-6CD94683D261}.Debug|x64.ActiveCfg = Debug|Any CPU
		{707B8B76-8D55-4B06-A2EB-6CD94683D261}.Debug|x64.Build.0 = Debug|Any CPU
		{707B8B76-8D55-4B06-A2EB-6CD94683D261}.Debug|x86.ActiveCfg = Debug|Any CPU
		{707B8B76-8D55-4B06-A2EB-6CD94683D261}.Debug|x86.Build.0 = Debug|Any CPU
		{707B8B76-8D55-4B06-A2EB-6CD94683D261}.Release|Any CPU.ActiveCfg = Release|Any CPU
		{707B8B76-8D55-4B06-A2EB-6CD94683D261}.Release|Any CPU.Build.0 = Release|Any CPU
		{707B8B76-8D55-4B06-A2EB-6CD94683D261}.Release|x64.ActiveCfg = Release|Any CPU
		{707B8B76-8D55-4B06-A2EB-6CD94683D261}.Release|x64.Build.0 = Release|Any CPU
		{707B8B76-8D55-4B06-A2EB-6CD94683D261}.Release|x86.ActiveCfg = Release|Any CPU
		{707B8B76-8D55-4B06-A2EB-6CD94683D261}.Release|x86.Build.0 = Release|Any CPU
		{8A4A4A22-36E9-49CB-A4E8-44C8C577029D}.Debug|Any CPU.ActiveCfg = Debug|Any CPU
		{8A4A4A22-36E9-49CB-A4E8-44C8C577029D}.Debug|Any CPU.Build.0 = Debug|Any CPU
		{8A4A4A22-36E9-49CB-A4E8-44C8C577029D}.Debug|x64.ActiveCfg = Debug|Any CPU
		{8A4A4A22-36E9-49CB-A4E8-44C8C577029D}.Debug|x64.Build.0 = Debug|Any CPU
		{8A4A4A22-36E9-49CB-A4E8-44C8C577029D}.Debug|x86.ActiveCfg = Debug|Any CPU
		{8A4A4A22-36E9-49CB-A4E8-44C8C577029D}.Debug|x86.Build.0 = Debug|Any CPU
		{8A4A4A22-36E9-49CB-A4E8-44C8C577029D}.Release|Any CPU.ActiveCfg = Release|Any CPU
		{8A4A4A22-36E9-49CB-A4E8-44C8C577029D}.Release|Any CPU.Build.0 = Release|Any CPU
		{8A4A4A22-36E9-49CB-A4E8-44C8C577029D}.Release|x64.ActiveCfg = Release|Any CPU
		{8A4A4A22-36E9-49CB-A4E8-44C8C577029D}.Release|x64.Build.0 = Release|Any CPU
		{8A4A4A22-36E9-49CB-A4E8-44C8C577029D}.Release|x86.ActiveCfg = Release|Any CPU
		{8A4A4A22-36E9-49CB-A4E8-44C8C577029D}.Release|x86.Build.0 = Release|Any CPU
		{AA6FB1D4-1A67-436F-9EC1-8513F40AB429}.Debug|Any CPU.ActiveCfg = Debug|Any CPU
		{AA6FB1D4-1A67-436F-9EC1-8513F40AB429}.Debug|Any CPU.Build.0 = Debug|Any CPU
		{AA6FB1D4-1A67-436F-9EC1-8513F40AB429}.Debug|x64.ActiveCfg = Debug|Any CPU
		{AA6FB1D4-1A67-436F-9EC1-8513F40AB429}.Debug|x64.Build.0 = Debug|Any CPU
		{AA6FB1D4-1A67-436F-9EC1-8513F40AB429}.Debug|x86.ActiveCfg = Debug|Any CPU
		{AA6FB1D4-1A67-436F-9EC1-8513F40AB429}.Debug|x86.Build.0 = Debug|Any CPU
		{AA6FB1D4-1A67-436F-9EC1-8513F40AB429}.Release|Any CPU.ActiveCfg = Release|Any CPU
		{AA6FB1D4-1A67-436F-9EC1-8513F40AB429}.Release|Any CPU.Build.0 = Release|Any CPU
		{AA6FB1D4-1A67-436F-9EC1-8513F40AB429}.Release|x64.ActiveCfg = Release|Any CPU
		{AA6FB1D4-1A67-436F-9EC1-8513F40AB429}.Release|x64.Build.0 = Release|Any CPU
		{AA6FB1D4-1A67-436F-9EC1-8513F40AB429}.Release|x86.ActiveCfg = Release|Any CPU
		{AA6FB1D4-1A67-436F-9EC1-8513F40AB429}.Release|x86.Build.0 = Release|Any CPU
	EndGlobalSection
	GlobalSection(SolutionProperties) = preSolution
		HideSolutionNode = FALSE
	EndGlobalSection
	GlobalSection(NestedProjects) = preSolution
		{284F72A1-7AD2-47FB-A556-E170DD587C36} = {F321DC82-70F4-027E-BFD1-4312E7667111}
		{EAA548CC-34AF-4839-AF05-9F7E1C51D82D} = {F8CADDAA-EA1C-0380-A8BC-09BBDC89B477}
		{721DB163-25F5-4BA9-A32B-35B496BA784E} = {B61F58C3-B74D-25A5-381B-B862496BFBF6}
		{3FCD4A8C-C16A-4D44-8CAA-9168BC909D2D} = {A5B62F8F-05D9-D39E-81BD-6C10D75FDD28}
		{63E34420-78F3-417D-9B40-C17D52990B10} = {5673F1B4-9197-FD5E-A0B2-EF741F05BACC}
		{C41AA398-CE4A-4C36-B9CA-8F8D68AA489E} = {6F4AABC9-ECA4-CE09-3B7D-D778F114CC67}
		{D95D5B02-3E29-42AF-9210-5FF7D95D8C18} = {4D0D3B69-D31C-4C6A-A6C3-13A7A66AC701}
		{B7E55557-521C-4D9A-B529-9A7FE3D83B84} = {6D4C7A01-B712-40D2-81B9-B5CC1B9306F2}
		{B60D7D44-9B98-4450-82EF-FB500FF9CFEB} = {B97DAE3E-61F3-4A91-8A6C-94B4C6B78F88}
		{707B8B76-8D55-4B06-A2EB-6CD94683D261} = {F58752F3-B1CE-4CB4-B30E-B6EC61CB8788}
		{8A4A4A22-36E9-49CB-A4E8-44C8C577029D} = {76FD53A1-FA4C-4B87-9204-509E99830A22}
		{AA6FB1D4-1A67-436F-9EC1-8513F40AB429} = {846B4F7C-1EE0-470E-90CF-F4671FF4AABB}
	EndGlobalSection
EndGlobal
